
Microsoft Visual Studio Solution File, Format Version 12.00
# Visual Studio Version 17
VisualStudioVersion = 17.7.34031.279
MinimumVisualStudioVersion = 10.0.40219.1
Project("{FAE04EC0-301F-11D3-BF4B-00C04F79EFBC}") = "TaskEase", "TaskEase\TaskEase.csproj", "{4948D8F1-B682-4959-8D7F-2EAEAF26A564}"
EndProject
Global
	GlobalSection(SolutionConfigurationPlatforms) = preSolution
		Debug|Any CPU = Debug|Any CPU
		Release|Any CPU = Release|Any CPU
	EndGlobalSection
	GlobalSection(ProjectConfigurationPlatforms) = postSolution
		{4948D8F1-B682-4959-8D7F-2EAEAF26A564}.Debug|Any CPU.ActiveCfg = Debug|Any CPU
		{4948D8F1-B682-4959-8D7F-2EAEAF26A564}.Debug|Any CPU.Build.0 = Debug|Any CPU
		{4948D8F1-B682-4959-8D7F-2EAEAF26A564}.Release|Any CPU.ActiveCfg = Release|Any CPU
		{4948D8F1-B682-4959-8D7F-2EAEAF26A564}.Release|Any CPU.Build.0 = Release|Any CPU
	EndGlobalSection
	GlobalSection(SolutionProperties) = preSolution
		HideSolutionNode = FALSE
	EndGlobalSection
	GlobalSection(ExtensibilityGlobals) = postSolution
		SolutionGuid = {CD9452AE-E42F-4A64-ABF7-A694A6FF63B3}
	EndGlobalSection
EndGlobal
